
Microsoft Visual Studio Solution File, Format Version 12.00
# Visual Studio Version 17
VisualStudioVersion = 17.14.36203.30 d17.14
MinimumVisualStudioVersion = 10.0.40219.1
Project("{FAE04EC0-301F-11D3-BF4B-00C04F79EFBC}") = "CMS.RestApi", "CMS.RestApi\CMS.RestApi.csproj", "{4D57B950-1F44-4F4A-865B-B90F13FA98C9}"
EndProject
Global
	GlobalSection(SolutionConfigurationPlatforms) = preSolution
		Debug|Any CPU = Debug|Any CPU
		Release|Any CPU = Release|Any CPU
	EndGlobalSection
	GlobalSection(ProjectConfigurationPlatforms) = postSolution
		{4D57B950-1F44-4F4A-865B-B90F13FA98C9}.Debug|Any CPU.ActiveCfg = Debug|Any CPU
		{4D57B950-1F44-4F4A-865B-B90F13FA98C9}.Debug|Any CPU.Build.0 = Debug|Any CPU
		{4D57B950-1F44-4F4A-865B-B90F13FA98C9}.Release|Any CPU.ActiveCfg = Release|Any CPU
		{4D57B950-1F44-4F4A-865B-B90F13FA98C9}.Release|Any CPU.Build.0 = Release|Any CPU
	EndGlobalSection
	GlobalSection(SolutionProperties) = preSolution
		HideSolutionNode = FALSE
	EndGlobalSection
	GlobalSection(ExtensibilityGlobals) = postSolution
		SolutionGuid = {9EA86072-745E-4212-9B47-680287CBE2A4}
	EndGlobalSection
EndGlobal
